
Microsoft Visual Studio Solution File, Format Version 12.00
# Visual Studio Version 17
VisualStudioVersion = 17.11.35431.28
MinimumVisualStudioVersion = 10.0.40219.1
Project("{9A19103F-16F7-4668-BE54-9A1E7A4F7556}") = "Regular-Expression-to-Deterministic-finite-automaton", "testing\Regular-Expression-to-Deterministic-finite-automaton.csproj", "{CEEB792C-3544-467E-8E95-4902679E7031}"
EndProject
Global
	GlobalSection(SolutionConfigurationPlatforms) = preSolution
		Debug|Any CPU = Debug|Any CPU
		Release|Any CPU = Release|Any CPU
	EndGlobalSection
	GlobalSection(ProjectConfigurationPlatforms) = postSolution
		{CEEB792C-3544-467E-8E95-4902679E7031}.Debug|Any CPU.ActiveCfg = Debug|Any CPU
		{CEEB792C-3544-467E-8E95-4902679E7031}.Debug|Any CPU.Build.0 = Debug|Any CPU
		{CEEB792C-3544-467E-8E95-4902679E7031}.Release|Any CPU.ActiveCfg = Release|Any CPU
		{CEEB792C-3544-467E-8E95-4902679E7031}.Release|Any CPU.Build.0 = Release|Any CPU
	EndGlobalSection
	GlobalSection(SolutionProperties) = preSolution
		HideSolutionNode = FALSE
	EndGlobalSection
	GlobalSection(ExtensibilityGlobals) = postSolution
		SolutionGuid = {FFE6CCD2-172A-47A4-B897-55B712644F32}
	EndGlobalSection
EndGlobal
